
Microsoft Visual Studio Solution File, Format Version 12.00
# Visual Studio Version 16
VisualStudioVersion = 16.0.32802.440
MinimumVisualStudioVersion = 10.0.40219.1
Project("{9A19103F-16F7-4668-BE54-9A1E7A4F7556}") = "Class_1_Task_1", "Class1\Class_1_Task_1.csproj", "{42FC81A8-6252-479B-B5E5-B9AAEF5AAD4A}"
EndProject
Project("{9A19103F-16F7-4668-BE54-9A1E7A4F7556}") = "Class_1_Task_2", "Class_1_Task_2\Class_1_Task_2.csproj", "{B78EE39B-4B3E-416A-A8C8-9A5AECD0508D}"
EndProject
Project("{9A19103F-16F7-4668-BE54-9A1E7A4F7556}") = "Class_1_Task_3", "Class_1_Task_3\Class_1_Task_3.csproj", "{1EB1C3BA-6FD9-46F3-B5FD-9CD8C9864A4C}"
EndProject
Project("{9A19103F-16F7-4668-BE54-9A1E7A4F7556}") = "Class_1_Task_4", "Class_1_Task_4\Class_1_Task_4.csproj", "{10FA2B52-F973-4754-9242-467AB38F6958}"
EndProject
Project("{9A19103F-16F7-4668-BE54-9A1E7A4F7556}") = "Class_1_Task_5", "Class_1_Task_5\Class_1_Task_5.csproj", "{2A82319B-5B62-4230-9ECC-FAAE4B527CB2}"
EndProject
Project("{9A19103F-16F7-4668-BE54-9A1E7A4F7556}") = "Class_1_Task_6", "Class_1_Task_6\Class_1_Task_6.csproj", "{63B7BA36-F678-4550-A117-F9A53B498B9F}"
EndProject
Project("{9A19103F-16F7-4668-BE54-9A1E7A4F7556}") = "Class_1_Task_7", "Class_1_Task_7\Class_1_Task_7.csproj", "{0D5C50CC-CD41-4929-8A62-FE56891E728F}"
EndProject
Project("{9A19103F-16F7-4668-BE54-9A1E7A4F7556}") = "Class_1_Task_8", "Class_1_Task_8\Class_1_Task_8.csproj", "{A4783A0C-F4C0-41A9-9903-618707ABDC03}"
EndProject
Project("{9A19103F-16F7-4668-BE54-9A1E7A4F7556}") = "Class_1_Task_9", "Class_1_Task_9\Class_1_Task_9.csproj", "{969E4560-BF47-49B4-A4FB-095D3393D096}"
EndProject
Project("{9A19103F-16F7-4668-BE54-9A1E7A4F7556}") = "Class_1_Task10", "Class_1_Task_10\Class_1_Task10.csproj", "{B2B2C1EB-326C-4219-85D8-F6C20B335210}"
EndProject
Project("{9A19103F-16F7-4668-BE54-9A1E7A4F7556}") = "Class_1_Task11", "Class_1_Task_11\Class_1_Task11.csproj", "{A1366D42-4FCC-4FAD-84A8-735D25F4627E}"
EndProject
Project("{9A19103F-16F7-4668-BE54-9A1E7A4F7556}") = "Class_1_Task12", "Class_1_Task_12\Class_1_Task12.csproj", "{937CF125-BA02-4515-A5EB-B1D29294F5A6}"
EndProject
Project("{9A19103F-16F7-4668-BE54-9A1E7A4F7556}") = "Class_1_Task13", "Class_1_Task_13\Class_1_Task13.csproj", "{3A2D1165-1A06-40F2-9D30-566F6A87CD77}"
EndProject
Project("{9A19103F-16F7-4668-BE54-9A1E7A4F7556}") = "Class_1_Task14", "Class_1_Task14\Class_1_Task14.csproj", "{2B238464-4E93-42F3-AAA4-05C89DD996FB}"
EndProject
Project("{9A19103F-16F7-4668-BE54-9A1E7A4F7556}") = "Class_1_Task15", "Class_1_Task15\Class_1_Task15.csproj", "{D89BF947-4224-4883-B96F-C153E6F0C839}"
EndProject
Project("{9A19103F-16F7-4668-BE54-9A1E7A4F7556}") = "Class_1_Task16", "Class_1_Task16\Class_1_Task16.csproj", "{EBA2F4C1-D968-4C34-99AB-0937E2DF6E8F}"
EndProject
Project("{9A19103F-16F7-4668-BE54-9A1E7A4F7556}") = "Class_1_Task17", "Class_1_Task17\Class_1_Task17.csproj", "{7EA63911-BCBD-48E0-A83B-E3A9F691AEE2}"
EndProject
Project("{9A19103F-16F7-4668-BE54-9A1E7A4F7556}") = "Class_1_Task18", "Class_1_Tasl18\Class_1_Task18.csproj", "{FF86B8F5-E960-4C85-B0CE-3334F6209454}"
EndProject
Project("{9A19103F-16F7-4668-BE54-9A1E7A4F7556}") = "Class_1_Task19", "Class_1_Task19\Class_1_Task19.csproj", "{FE5021CC-452D-4BD8-A3AF-481F810EBC40}"
EndProject
Project("{9A19103F-16F7-4668-BE54-9A1E7A4F7556}") = "Class_1_Task20", "Class_1_Task20\Class_1_Task20.csproj", "{0B76124B-1B29-47AA-9917-9D1DA08962FB}"
EndProject
Project("{9A19103F-16F7-4668-BE54-9A1E7A4F7556}") = "Class_1_Task21", "Class_1_Task21\Class_1_Task21.csproj", "{4025CEA7-82DA-4C06-9F07-49D387C6146D}"
EndProject
Project("{FAE04EC0-301F-11D3-BF4B-00C04F79EFBC}") = "Class_1_Task22", "Class_1_Task22\Class_1_Task22.csproj", "{FFAE8270-BC27-4E27-B613-2A7CECC0ED56}"
EndProject
Project("{FAE04EC0-301F-11D3-BF4B-00C04F79EFBC}") = "Class_1_Task23", "Class_1_Task23\Class_1_Task23.csproj", "{B07757DF-43BD-4561-B5B4-B6BE60250231}"
EndProject
Global
	GlobalSection(SolutionConfigurationPlatforms) = preSolution
		Debug|Any CPU = Debug|Any CPU
		Release|Any CPU = Release|Any CPU
	EndGlobalSection
	GlobalSection(ProjectConfigurationPlatforms) = postSolution
		{42FC81A8-6252-479B-B5E5-B9AAEF5AAD4A}.Debug|Any CPU.ActiveCfg = Debug|Any CPU
		{42FC81A8-6252-479B-B5E5-B9AAEF5AAD4A}.Debug|Any CPU.Build.0 = Debug|Any CPU
		{42FC81A8-6252-479B-B5E5-B9AAEF5AAD4A}.Release|Any CPU.ActiveCfg = Release|Any CPU
		{42FC81A8-6252-479B-B5E5-B9AAEF5AAD4A}.Release|Any CPU.Build.0 = Release|Any CPU
		{B78EE39B-4B3E-416A-A8C8-9A5AECD0508D}.Debug|Any CPU.ActiveCfg = Debug|Any CPU
		{B78EE39B-4B3E-416A-A8C8-9A5AECD0508D}.Debug|Any CPU.Build.0 = Debug|Any CPU
		{B78EE39B-4B3E-416A-A8C8-9A5AECD0508D}.Release|Any CPU.ActiveCfg = Release|Any CPU
		{B78EE39B-4B3E-416A-A8C8-9A5AECD0508D}.Release|Any CPU.Build.0 = Release|Any CPU
		{1EB1C3BA-6FD9-46F3-B5FD-9CD8C9864A4C}.Debug|Any CPU.ActiveCfg = Debug|Any CPU
		{1EB1C3BA-6FD9-46F3-B5FD-9CD8C9864A4C}.Debug|Any CPU.Build.0 = Debug|Any CPU
		{1EB1C3BA-6FD9-46F3-B5FD-9CD8C9864A4C}.Release|Any CPU.ActiveCfg = Release|Any CPU
		{1EB1C3BA-6FD9-46F3-B5FD-9CD8C9864A4C}.Release|Any CPU.Build.0 = Release|Any CPU
		{10FA2B52-F973-4754-9242-467AB38F6958}.Debug|Any CPU.ActiveCfg = Debug|Any CPU
		{10FA2B52-F973-4754-9242-467AB38F6958}.Debug|Any CPU.Build.0 = Debug|Any CPU
		{10FA2B52-F973-4754-9242-467AB38F6958}.Release|Any CPU.ActiveCfg = Release|Any CPU
		{10FA2B52-F973-4754-9242-467AB38F6958}.Release|Any CPU.Build.0 = Release|Any CPU
		{2A82319B-5B62-4230-9ECC-FAAE4B527CB2}.Debug|Any CPU.ActiveCfg = Debug|Any CPU
		{2A82319B-5B62-4230-9ECC-FAAE4B527CB2}.Debug|Any CPU.Build.0 = Debug|Any CPU
		{2A82319B-5B62-4230-9ECC-FAAE4B527CB2}.Release|Any CPU.ActiveCfg = Release|Any CPU
		{2A82319B-5B62-4230-9ECC-FAAE4B527CB2}.Release|Any CPU.Build.0 = Release|Any CPU
		{63B7BA36-F678-4550-A117-F9A53B498B9F}.Debug|Any CPU.ActiveCfg = Debug|Any CPU
		{63B7BA36-F678-4550-A117-F9A53B498B9F}.Debug|Any CPU.Build.0 = Debug|Any CPU
		{63B7BA36-F678-4550-A117-F9A53B498B9F}.Release|Any CPU.ActiveCfg = Release|Any CPU
		{63B7BA36-F678-4550-A117-F9A53B498B9F}.Release|Any CPU.Build.0 = Release|Any CPU
		{0D5C50CC-CD41-4929-8A62-FE56891E728F}.Debug|Any CPU.ActiveCfg = Debug|Any CPU
		{0D5C50CC-CD41-4929-8A62-FE56891E728F}.Debug|Any CPU.Build.0 = Debug|Any CPU
		{0D5C50CC-CD41-4929-8A62-FE56891E728F}.Release|Any CPU.ActiveCfg = Release|Any CPU
		{0D5C50CC-CD41-4929-8A62-FE56891E728F}.Release|Any CPU.Build.0 = Release|Any CPU
		{A4783A0C-F4C0-41A9-9903-618707ABDC03}.Debug|Any CPU.ActiveCfg = Debug|Any CPU
		{A4783A0C-F4C0-41A9-9903-618707ABDC03}.Debug|Any CPU.Build.0 = Debug|Any CPU
		{A4783A0C-F4C0-41A9-9903-618707ABDC03}.Release|Any CPU.ActiveCfg = Release|Any CPU
		{A4783A0C-F4C0-41A9-9903-618707ABDC03}.Release|Any CPU.Build.0 = Release|Any CPU
		{969E4560-BF47-49B4-A4FB-095D3393D096}.Debug|Any CPU.ActiveCfg = Debug|Any CPU
		{969E4560-BF47-49B4-A4FB-095D3393D096}.Debug|Any CPU.Build.0 = Debug|Any CPU
		{969E4560-BF47-49B4-A4FB-095D3393D096}.Release|Any CPU.ActiveCfg = Release|Any CPU
		{969E4560-BF47-49B4-A4FB-095D3393D096}.Release|Any CPU.Build.0 = Release|Any CPU
		{B2B2C1EB-326C-4219-85D8-F6C20B335210}.Debug|Any CPU.ActiveCfg = Debug|Any CPU
		{B2B2C1EB-326C-4219-85D8-F6C20B335210}.Debug|Any CPU.Build.0 = Debug|Any CPU
		{B2B2C1EB-326C-4219-85D8-F6C20B335210}.Release|Any CPU.ActiveCfg = Release|Any CPU
		{B2B2C1EB-326C-4219-85D8-F6C20B335210}.Release|Any CPU.Build.0 = Release|Any CPU
		{A1366D42-4FCC-4FAD-84A8-735D25F4627E}.Debug|Any CPU.ActiveCfg = Debug|Any CPU
		{A1366D42-4FCC-4FAD-84A8-735D25F4627E}.Debug|Any CPU.Build.0 = Debug|Any CPU
		{A1366D42-4FCC-4FAD-84A8-735D25F4627E}.Release|Any CPU.ActiveCfg = Release|Any CPU
		{A1366D42-4FCC-4FAD-84A8-735D25F4627E}.Release|Any CPU.Build.0 = Release|Any CPU
		{937CF125-BA02-4515-A5EB-B1D29294F5A6}.Debug|Any CPU.ActiveCfg = Debug|Any CPU
		{937CF125-BA02-4515-A5EB-B1D29294F5A6}.Debug|Any CPU.Build.0 = Debug|Any CPU
		{937CF125-BA02-4515-A5EB-B1D29294F5A6}.Release|Any CPU.ActiveCfg = Release|Any CPU
		{937CF125-BA02-4515-A5EB-B1D29294F5A6}.Release|Any CPU.Build.0 = Release|Any CPU
		{3A2D1165-1A06-40F2-9D30-566F6A87CD77}.Debug|Any CPU.ActiveCfg = Debug|Any CPU
		{3A2D1165-1A06-40F2-9D30-566F6A87CD77}.Debug|Any CPU.Build.0 = Debug|Any CPU
		{3A2D1165-1A06-40F2-9D30-566F6A87CD77}.Release|Any CPU.ActiveCfg = Release|Any CPU
		{3A2D1165-1A06-40F2-9D30-566F6A87CD77}.Release|Any CPU.Build.0 = Release|Any CPU
		{2B238464-4E93-42F3-AAA4-05C89DD996FB}.Debug|Any CPU.ActiveCfg = Debug|Any CPU
		{2B238464-4E93-42F3-AAA4-05C89DD996FB}.Debug|Any CPU.Build.0 = Debug|Any CPU
		{2B238464-4E93-42F3-AAA4-05C89DD996FB}.Release|Any CPU.ActiveCfg = Release|Any CPU
		{2B238464-4E93-42F3-AAA4-05C89DD996FB}.Release|Any CPU.Build.0 = Release|Any CPU
		{D89BF947-4224-4883-B96F-C153E6F0C839}.Debug|Any CPU.ActiveCfg = Debug|Any CPU
		{D89BF947-4224-4883-B96F-C153E6F0C839}.Debug|Any CPU.Build.0 = Debug|Any CPU
		{D89BF947-4224-4883-B96F-C153E6F0C839}.Release|Any CPU.ActiveCfg = Release|Any CPU
		{D89BF947-4224-4883-B96F-C153E6F0C839}.Release|Any CPU.Build.0 = Release|Any CPU
		{EBA2F4C1-D968-4C34-99AB-0937E2DF6E8F}.Debug|Any CPU.ActiveCfg = Debug|Any CPU
		{EBA2F4C1-D968-4C34-99AB-0937E2DF6E8F}.Debug|Any CPU.Build.0 = Debug|Any CPU
		{EBA2F4C1-D968-4C34-99AB-0937E2DF6E8F}.Release|Any CPU.ActiveCfg = Release|Any CPU
		{EBA2F4C1-D968-4C34-99AB-0937E2DF6E8F}.Release|Any CPU.Build.0 = Release|Any CPU
		{7EA63911-BCBD-48E0-A83B-E3A9F691AEE2}.Debug|Any CPU.ActiveCfg = Debug|Any CPU
		{7EA63911-BCBD-48E0-A83B-E3A9F691AEE2}.Debug|Any CPU.Build.0 = Debug|Any CPU
		{7EA63911-BCBD-48E0-A83B-E3A9F691AEE2}.Release|Any CPU.ActiveCfg = Release|Any CPU
		{7EA63911-BCBD-48E0-A83B-E3A9F691AEE2}.Release|Any CPU.Build.0 = Release|Any CPU
		{FF86B8F5-E960-4C85-B0CE-3334F6209454}.Debug|Any CPU.ActiveCfg = Debug|Any CPU
		{FF86B8F5-E960-4C85-B0CE-3334F6209454}.Debug|Any CPU.Build.0 = Debug|Any CPU
		{FF86B8F5-E960-4C85-B0CE-3334F6209454}.Release|Any CPU.ActiveCfg = Release|Any CPU
		{FF86B8F5-E960-4C85-B0CE-3334F6209454}.Release|Any CPU.Build.0 = Release|Any CPU
		{FE5021CC-452D-4BD8-A3AF-481F810EBC40}.Debug|Any CPU.ActiveCfg = Debug|Any CPU
		{FE5021CC-452D-4BD8-A3AF-481F810EBC40}.Debug|Any CPU.Build.0 = Debug|Any CPU
		{FE5021CC-452D-4BD8-A3AF-481F810EBC40}.Release|Any CPU.ActiveCfg = Release|Any CPU
		{FE5021CC-452D-4BD8-A3AF-481F810EBC40}.Release|Any CPU.Build.0 = Release|Any CPU
		{0B76124B-1B29-47AA-9917-9D1DA08962FB}.Debug|Any CPU.ActiveCfg = Debug|Any CPU
		{0B76124B-1B29-47AA-9917-9D1DA08962FB}.Debug|Any CPU.Build.0 = Debug|Any CPU
		{0B76124B-1B29-47AA-9917-9D1DA08962FB}.Release|Any CPU.ActiveCfg = Release|Any CPU
		{0B76124B-1B29-47AA-9917-9D1DA08962FB}.Release|Any CPU.Build.0 = Release|Any CPU
		{4025CEA7-82DA-4C06-9F07-49D387C6146D}.Debug|Any CPU.ActiveCfg = Debug|Any CPU
		{4025CEA7-82DA-4C06-9F07-49D387C6146D}.Debug|Any CPU.Build.0 = Debug|Any CPU
		{4025CEA7-82DA-4C06-9F07-49D387C6146D}.Release|Any CPU.ActiveCfg = Release|Any CPU
		{4025CEA7-82DA-4C06-9F07-49D387C6146D}.Release|Any CPU.Build.0 = Release|Any CPU
		{FFAE8270-BC27-4E27-B613-2A7CECC0ED56}.Debug|Any CPU.ActiveCfg = Debug|Any CPU
		{FFAE8270-BC27-4E27-B613-2A7CECC0ED56}.Debug|Any CPU.Build.0 = Debug|Any CPU
		{FFAE8270-BC27-4E27-B613-2A7CECC0ED56}.Release|Any CPU.ActiveCfg = Release|Any CPU
		{FFAE8270-BC27-4E27-B613-2A7CECC0ED56}.Release|Any CPU.Build.0 = Release|Any CPU
		{B07757DF-43BD-4561-B5B4-B6BE60250231}.Debug|Any CPU.ActiveCfg = Debug|Any CPU
		{B07757DF-43BD-4561-B5B4-B6BE60250231}.Debug|Any CPU.Build.0 = Debug|Any CPU
		{B07757DF-43BD-4561-B5B4-B6BE60250231}.Release|Any CPU.ActiveCfg = Release|Any CPU
		{B07757DF-43BD-4561-B5B4-B6BE60250231}.Release|Any CPU.Build.0 = Release|Any CPU
	EndGlobalSection
	GlobalSection(SolutionProperties) = preSolution
		HideSolutionNode = FALSE
	EndGlobalSection
	GlobalSection(ExtensibilityGlobals) = postSolution
		SolutionGuid = {128E4994-2305-441D-A3A4-E6294F062101}
	EndGlobalSection
EndGlobal
